
Microsoft Visual Studio Solution File, Format Version 12.00
# Visual Studio Version 17
VisualStudioVersion = 17.14.36429.23
MinimumVisualStudioVersion = 10.0.40219.1
Project("{FAE04EC0-301F-11D3-BF4B-00C04F79EFBC}") = "IV.DX.Domain", "IV.DX.Domain\IV.DX.Domain.csproj", "{BAF9586D-74E6-4841-96CD-13C9F81CF455}"
EndProject
Project("{FAE04EC0-301F-11D3-BF4B-00C04F79EFBC}") = "IV.DX.Application", "IV.DX.Application\IV.DX.Application.csproj", "{805AA468-1E9E-4F68-9C51-7715D8A3025E}"
EndProject
Project("{FAE04EC0-301F-11D3-BF4B-00C04F79EFBC}") = "IV.DX.Persistence", "IV.DX.Persistence\IV.DX.Persistence.csproj", "{57EE2373-C063-4441-BA28-FBCD86E6D529}"
EndProject
Project("{FAE04EC0-301F-11D3-BF4B-00C04F79EFBC}") = "IV.DX.Hosting", "IV.DX.Hosting\IV.DX.Hosting.csproj", "{7F0BAD3B-42F0-48DD-A85C-5F721DB48BD7}"
EndProject
Project("{2150E333-8FDC-42A3-9474-1A3956D46DE8}") = "Tests", "Tests", "{02EA681E-C7D8-13C7-8484-4AC65E1B71E8}"
	ProjectSection(SolutionItems) = preProject
		Tests\CodeCoverage.runsettings = Tests\CodeCoverage.runsettings
	EndProjectSection
EndProject
Project("{2150E333-8FDC-42A3-9474-1A3956D46DE8}") = "UnitTests", "UnitTests", "{20A6CD63-2393-490B-A996-B81F09664506}"
EndProject
Project("{2150E333-8FDC-42A3-9474-1A3956D46DE8}") = "IntTests", "IntTests", "{FDA0C3FC-B937-4C7C-817B-A66A7AE59EEC}"
EndProject
Project("{FAE04EC0-301F-11D3-BF4B-00C04F79EFBC}") = "IV.DX.Shared.UnitTests", "Tests\UnitTests\IV.DX.Shared.UnitTests\IV.DX.Shared.UnitTests.csproj", "{61143514-3E5D-4817-B4DB-00E8FF76FF8B}"
EndProject
Project("{FAE04EC0-301F-11D3-BF4B-00C04F79EFBC}") = "IV.DX.Contracts.UnitTests", "Tests\UnitTests\IV.DX.Contracts.UnitTests\IV.DX.Contracts.UnitTests.csproj", "{0E7010DA-690B-4516-A93D-6E5AE4802A10}"
EndProject
Project("{FAE04EC0-301F-11D3-BF4B-00C04F79EFBC}") = "IV.DX.Shared.IntTests", "Tests\IntTests\IV.DX.Shared.IntTests\IV.DX.Shared.IntTests.csproj", "{3A223F97-52BB-4D37-BE53-CB64E39C46FD}"
EndProject
Project("{FAE04EC0-301F-11D3-BF4B-00C04F79EFBC}") = "IV.DX.Application.IntTests", "Tests\IntTests\IV.DX.Application.IntTests\IV.DX.Application.IntTests.csproj", "{4DF3D6B4-5562-4EE0-B8A9-C4D63FD97868}"
EndProject
Project("{FAE04EC0-301F-11D3-BF4B-00C04F79EFBC}") = "IV.DX.Persistence.IntTests", "Tests\IntTests\IV.DX.Persistence.IntTests\IV.DX.Persistence.IntTests.csproj", "{06C00418-8043-49FD-914C-762115EC9215}"
EndProject
Project("{FAE04EC0-301F-11D3-BF4B-00C04F79EFBC}") = "IV.DX.Kernel", "IV.DX.Kernel\IV.DX.Kernel.csproj", "{10E4A4A2-0274-4C67-BDBA-86FF49534D4B}"
EndProject
Project("{FAE04EC0-301F-11D3-BF4B-00C04F79EFBC}") = "IV.DX.Persistence.Contracts", "IV.DX.Persistence.Contracts\IV.DX.Persistence.Contracts.csproj", "{7A1EEA76-4004-4805-AE60-A2355F289852}"
EndProject
Project("{FAE04EC0-301F-11D3-BF4B-00C04F79EFBC}") = "IV.DX.Application.Contracts", "IV.DX.Application.Contracts\IV.DX.Application.Contracts.csproj", "{7BB2BE1D-C404-47C6-BEC3-072EFED5DE97}"
EndProject
Project("{FAE04EC0-301F-11D3-BF4B-00C04F79EFBC}") = "IV.DX.Kernel.UnitTests", "Tests\UnitTests\IV.DX.Kernel.UnitTests\IV.DX.Kernel.UnitTests.csproj", "{E4CE6872-1B37-4C79-A41D-F8426712E87C}"
EndProject
Project("{FAE04EC0-301F-11D3-BF4B-00C04F79EFBC}") = "IV.DX.Hosting.UnitTests", "Tests\UnitTests\IV.DX.Hosting.UnitTests\IV.DX.Hosting.UnitTests.csproj", "{F76E13A0-54F9-4B17-91C0-0F0B9F458C96}"
EndProject
Global
	GlobalSection(SolutionConfigurationPlatforms) = preSolution
		Debug|Any CPU = Debug|Any CPU
		Debug|x64 = Debug|x64
		Debug|x86 = Debug|x86
		Release|Any CPU = Release|Any CPU
		Release|x64 = Release|x64
		Release|x86 = Release|x86
	EndGlobalSection
	GlobalSection(ProjectConfigurationPlatforms) = postSolution
		{BAF9586D-74E6-4841-96CD-13C9F81CF455}.Debug|Any CPU.ActiveCfg = Debug|Any CPU
		{BAF9586D-74E6-4841-96CD-13C9F81CF455}.Debug|Any CPU.Build.0 = Debug|Any CPU
		{BAF9586D-74E6-4841-96CD-13C9F81CF455}.Debug|x64.ActiveCfg = Debug|Any CPU
		{BAF9586D-74E6-4841-96CD-13C9F81CF455}.Debug|x64.Build.0 = Debug|Any CPU
		{BAF9586D-74E6-4841-96CD-13C9F81CF455}.Debug|x86.ActiveCfg = Debug|Any CPU
		{BAF9586D-74E6-4841-96CD-13C9F81CF455}.Debug|x86.Build.0 = Debug|Any CPU
		{BAF9586D-74E6-4841-96CD-13C9F81CF455}.Release|Any CPU.ActiveCfg = Release|Any CPU
		{BAF9586D-74E6-4841-96CD-13C9F81CF455}.Release|Any CPU.Build.0 = Release|Any CPU
		{BAF9586D-74E6-4841-96CD-13C9F81CF455}.Release|x64.ActiveCfg = Release|Any CPU
		{BAF9586D-74E6-4841-96CD-13C9F81CF455}.Release|x64.Build.0 = Release|Any CPU
		{BAF9586D-74E6-4841-96CD-13C9F81CF455}.Release|x86.ActiveCfg = Release|Any CPU
		{BAF9586D-74E6-4841-96CD-13C9F81CF455}.Release|x86.Build.0 = Release|Any CPU
		{805AA468-1E9E-4F68-9C51-7715D8A3025E}.Debug|Any CPU.ActiveCfg = Debug|Any CPU
		{805AA468-1E9E-4F68-9C51-7715D8A3025E}.Debug|Any CPU.Build.0 = Debug|Any CPU
		{805AA468-1E9E-4F68-9C51-7715D8A3025E}.Debug|x64.ActiveCfg = Debug|Any CPU
		{805AA468-1E9E-4F68-9C51-7715D8A3025E}.Debug|x64.Build.0 = Debug|Any CPU
		{805AA468-1E9E-4F68-9C51-7715D8A3025E}.Debug|x86.ActiveCfg = Debug|Any CPU
		{805AA468-1E9E-4F68-9C51-7715D8A3025E}.Debug|x86.Build.0 = Debug|Any CPU
		{805AA468-1E9E-4F68-9C51-7715D8A3025E}.Release|Any CPU.ActiveCfg = Release|Any CPU
		{805AA468-1E9E-4F68-9C51-7715D8A3025E}.Release|Any CPU.Build.0 = Release|Any CPU
		{805AA468-1E9E-4F68-9C51-7715D8A3025E}.Release|x64.ActiveCfg = Release|Any CPU
		{805AA468-1E9E-4F68-9C51-7715D8A3025E}.Release|x64.Build.0 = Release|Any CPU
		{805AA468-1E9E-4F68-9C51-7715D8A3025E}.Release|x86.ActiveCfg = Release|Any CPU
		{805AA468-1E9E-4F68-9C51-7715D8A3025E}.Release|x86.Build.0 = Release|Any CPU
		{57EE2373-C063-4441-BA28-FBCD86E6D529}.Debug|Any CPU.ActiveCfg = Debug|Any CPU
		{57EE2373-C063-4441-BA28-FBCD86E6D529}.Debug|Any CPU.Build.0 = Debug|Any CPU
		{57EE2373-C063-4441-BA28-FBCD86E6D529}.Debug|x64.ActiveCfg = Debug|Any CPU
		{57EE2373-C063-4441-BA28-FBCD86E6D529}.Debug|x64.Build.0 = Debug|Any CPU
		{57EE2373-C063-4441-BA28-FBCD86E6D529}.Debug|x86.ActiveCfg = Debug|Any CPU
		{57EE2373-C063-4441-BA28-FBCD86E6D529}.Debug|x86.Build.0 = Debug|Any CPU
		{57EE2373-C063-4441-BA28-FBCD86E6D529}.Release|Any CPU.ActiveCfg = Release|Any CPU
		{57EE2373-C063-4441-BA28-FBCD86E6D529}.Release|Any CPU.Build.0 = Release|Any CPU
		{57EE2373-C063-4441-BA28-FBCD86E6D529}.Release|x64.ActiveCfg = Release|Any CPU
		{57EE2373-C063-4441-BA28-FBCD86E6D529}.Release|x64.Build.0 = Release|Any CPU
		{57EE2373-C063-4441-BA28-FBCD86E6D529}.Release|x86.ActiveCfg = Release|Any CPU
		{57EE2373-C063-4441-BA28-FBCD86E6D529}.Release|x86.Build.0 = Release|Any CPU
		{7F0BAD3B-42F0-48DD-A85C-5F721DB48BD7}.Debug|Any CPU.ActiveCfg = Debug|Any CPU
		{7F0BAD3B-42F0-48DD-A85C-5F721DB48BD7}.Debug|Any CPU.Build.0 = Debug|Any CPU
		{7F0BAD3B-42F0-48DD-A85C-5F721DB48BD7}.Debug|x64.ActiveCfg = Debug|Any CPU
		{7F0BAD3B-42F0-48DD-A85C-5F721DB48BD7}.Debug|x64.Build.0 = Debug|Any CPU
		{7F0BAD3B-42F0-48DD-A85C-5F721DB48BD7}.Debug|x86.ActiveCfg = Debug|Any CPU
		{7F0BAD3B-42F0-48DD-A85C-5F721DB48BD7}.Debug|x86.Build.0 = Debug|Any CPU
		{7F0BAD3B-42F0-48DD-A85C-5F721DB48BD7}.Release|Any CPU.ActiveCfg = Release|Any CPU
		{7F0BAD3B-42F0-48DD-A85C-5F721DB48BD7}.Release|Any CPU.Build.0 = Release|Any CPU
		{7F0BAD3B-42F0-48DD-A85C-5F721DB48BD7}.Release|x64.ActiveCfg = Release|Any CPU
		{7F0BAD3B-42F0-48DD-A85C-5F721DB48BD7}.Release|x64.Build.0 = Release|Any CPU
		{7F0BAD3B-42F0-48DD-A85C-5F721DB48BD7}.Release|x86.ActiveCfg = Release|Any CPU
		{7F0BAD3B-42F0-48DD-A85C-5F721DB48BD7}.Release|x86.Build.0 = Release|Any CPU
		{61143514-3E5D-4817-B4DB-00E8FF76FF8B}.Debug|Any CPU.ActiveCfg = Debug|Any CPU
		{61143514-3E5D-4817-B4DB-00E8FF76FF8B}.Debug|Any CPU.Build.0 = Debug|Any CPU
		{61143514-3E5D-4817-B4DB-00E8FF76FF8B}.Debug|x64.ActiveCfg = Debug|Any CPU
		{61143514-3E5D-4817-B4DB-00E8FF76FF8B}.Debug|x64.Build.0 = Debug|Any CPU
		{61143514-3E5D-4817-B4DB-00E8FF76FF8B}.Debug|x86.ActiveCfg = Debug|Any CPU
		{61143514-3E5D-4817-B4DB-00E8FF76FF8B}.Debug|x86.Build.0 = Debug|Any CPU
		{61143514-3E5D-4817-B4DB-00E8FF76FF8B}.Release|Any CPU.ActiveCfg = Release|Any CPU
		{61143514-3E5D-4817-B4DB-00E8FF76FF8B}.Release|Any CPU.Build.0 = Release|Any CPU
		{61143514-3E5D-4817-B4DB-00E8FF76FF8B}.Release|x64.ActiveCfg = Release|Any CPU
		{61143514-3E5D-4817-B4DB-00E8FF76FF8B}.Release|x64.Build.0 = Release|Any CPU
		{61143514-3E5D-4817-B4DB-00E8FF76FF8B}.Release|x86.ActiveCfg = Release|Any CPU
		{61143514-3E5D-4817-B4DB-00E8FF76FF8B}.Release|x86.Build.0 = Release|Any CPU
		{0E7010DA-690B-4516-A93D-6E5AE4802A10}.Debug|Any CPU.ActiveCfg = Debug|Any CPU
		{0E7010DA-690B-4516-A93D-6E5AE4802A10}.Debug|Any CPU.Build.0 = Debug|Any CPU
		{0E7010DA-690B-4516-A93D-6E5AE4802A10}.Debug|x64.ActiveCfg = Debug|Any CPU
		{0E7010DA-690B-4516-A93D-6E5AE4802A10}.Debug|x64.Build.0 = Debug|Any CPU
		{0E7010DA-690B-4516-A93D-6E5AE4802A10}.Debug|x86.ActiveCfg = Debug|Any CPU
		{0E7010DA-690B-4516-A93D-6E5AE4802A10}.Debug|x86.Build.0 = Debug|Any CPU
		{0E7010DA-690B-4516-A93D-6E5AE4802A10}.Release|Any CPU.ActiveCfg = Release|Any CPU
		{0E7010DA-690B-4516-A93D-6E5AE4802A10}.Release|Any CPU.Build.0 = Release|Any CPU
		{0E7010DA-690B-4516-A93D-6E5AE4802A10}.Release|x64.ActiveCfg = Release|Any CPU
		{0E7010DA-690B-4516-A93D-6E5AE4802A10}.Release|x64.Build.0 = Release|Any CPU
		{0E7010DA-690B-4516-A93D-6E5AE4802A10}.Release|x86.ActiveCfg = Release|Any CPU
		{0E7010DA-690B-4516-A93D-6E5AE4802A10}.Release|x86.Build.0 = Release|Any CPU
		{3A223F97-52BB-4D37-BE53-CB64E39C46FD}.Debug|Any CPU.ActiveCfg = Debug|Any CPU
		{3A223F97-52BB-4D37-BE53-CB64E39C46FD}.Debug|Any CPU.Build.0 = Debug|Any CPU
		{3A223F97-52BB-4D37-BE53-CB64E39C46FD}.Debug|x64.ActiveCfg = Debug|Any CPU
		{3A223F97-52BB-4D37-BE53-CB64E39C46FD}.Debug|x64.Build.0 = Debug|Any CPU
		{3A223F97-52BB-4D37-BE53-CB64E39C46FD}.Debug|x86.ActiveCfg = Debug|Any CPU
		{3A223F97-52BB-4D37-BE53-CB64E39C46FD}.Debug|x86.Build.0 = Debug|Any CPU
		{3A223F97-52BB-4D37-BE53-CB64E39C46FD}.Release|Any CPU.ActiveCfg = Release|Any CPU
		{3A223F97-52BB-4D37-BE53-CB64E39C46FD}.Release|Any CPU.Build.0 = Release|Any CPU
		{3A223F97-52BB-4D37-BE53-CB64E39C46FD}.Release|x64.ActiveCfg = Release|Any CPU
		{3A223F97-52BB-4D37-BE53-CB64E39C46FD}.Release|x64.Build.0 = Release|Any CPU
		{3A223F97-52BB-4D37-BE53-CB64E39C46FD}.Release|x86.ActiveCfg = Release|Any CPU
		{3A223F97-52BB-4D37-BE53-CB64E39C46FD}.Release|x86.Build.0 = Release|Any CPU
		{4DF3D6B4-5562-4EE0-B8A9-C4D63FD97868}.Debug|Any CPU.ActiveCfg = Debug|Any CPU
		{4DF3D6B4-5562-4EE0-B8A9-C4D63FD97868}.Debug|Any CPU.Build.0 = Debug|Any CPU
		{4DF3D6B4-5562-4EE0-B8A9-C4D63FD97868}.Debug|x64.ActiveCfg = Debug|Any CPU
		{4DF3D6B4-5562-4EE0-B8A9-C4D63FD97868}.Debug|x64.Build.0 = Debug|Any CPU
		{4DF3D6B4-5562-4EE0-B8A9-C4D63FD97868}.Debug|x86.ActiveCfg = Debug|Any CPU
		{4DF3D6B4-5562-4EE0-B8A9-C4D63FD97868}.Debug|x86.Build.0 = Debug|Any CPU
		{4DF3D6B4-5562-4EE0-B8A9-C4D63FD97868}.Release|Any CPU.ActiveCfg = Release|Any CPU
		{4DF3D6B4-5562-4EE0-B8A9-C4D63FD97868}.Release|Any CPU.Build.0 = Release|Any CPU
		{4DF3D6B4-5562-4EE0-B8A9-C4D63FD97868}.Release|x64.ActiveCfg = Release|Any CPU
		{4DF3D6B4-5562-4EE0-B8A9-C4D63FD97868}.Release|x64.Build.0 = Release|Any CPU
		{4DF3D6B4-5562-4EE0-B8A9-C4D63FD97868}.Release|x86.ActiveCfg = Release|Any CPU
		{4DF3D6B4-5562-4EE0-B8A9-C4D63FD97868}.Release|x86.Build.0 = Release|Any CPU
		{06C00418-8043-49FD-914C-762115EC9215}.Debug|Any CPU.ActiveCfg = Debug|Any CPU
		{06C00418-8043-49FD-914C-762115EC9215}.Debug|Any CPU.Build.0 = Debug|Any CPU
		{06C00418-8043-49FD-914C-762115EC9215}.Debug|x64.ActiveCfg = Debug|Any CPU
		{06C00418-8043-49FD-914C-762115EC9215}.Debug|x64.Build.0 = Debug|Any CPU
		{06C00418-8043-49FD-914C-762115EC9215}.Debug|x86.ActiveCfg = Debug|Any CPU
		{06C00418-8043-49FD-914C-762115EC9215}.Debug|x86.Build.0 = Debug|Any CPU
		{06C00418-8043-49FD-914C-762115EC9215}.Release|Any CPU.ActiveCfg = Release|Any CPU
		{06C00418-8043-49FD-914C-762115EC9215}.Release|Any CPU.Build.0 = Release|Any CPU
		{06C00418-8043-49FD-914C-762115EC9215}.Release|x64.ActiveCfg = Release|Any CPU
		{06C00418-8043-49FD-914C-762115EC9215}.Release|x64.Build.0 = Release|Any CPU
		{06C00418-8043-49FD-914C-762115EC9215}.Release|x86.ActiveCfg = Release|Any CPU
		{06C00418-8043-49FD-914C-762115EC9215}.Release|x86.Build.0 = Release|Any CPU
		{10E4A4A2-0274-4C67-BDBA-86FF49534D4B}.Debug|Any CPU.ActiveCfg = Debug|Any CPU
		{10E4A4A2-0274-4C67-BDBA-86FF49534D4B}.Debug|Any CPU.Build.0 = Debug|Any CPU
		{10E4A4A2-0274-4C67-BDBA-86FF49534D4B}.Debug|x64.ActiveCfg = Debug|Any CPU
		{10E4A4A2-0274-4C67-BDBA-86FF49534D4B}.Debug|x64.Build.0 = Debug|Any CPU
		{10E4A4A2-0274-4C67-BDBA-86FF49534D4B}.Debug|x86.ActiveCfg = Debug|Any CPU
		{10E4A4A2-0274-4C67-BDBA-86FF49534D4B}.Debug|x86.Build.0 = Debug|Any CPU
		{10E4A4A2-0274-4C67-BDBA-86FF49534D4B}.Release|Any CPU.ActiveCfg = Release|Any CPU
		{10E4A4A2-0274-4C67-BDBA-86FF49534D4B}.Release|Any CPU.Build.0 = Release|Any CPU
		{10E4A4A2-0274-4C67-BDBA-86FF49534D4B}.Release|x64.ActiveCfg = Release|Any CPU
		{10E4A4A2-0274-4C67-BDBA-86FF49534D4B}.Release|x64.Build.0 = Release|Any CPU
		{10E4A4A2-0274-4C67-BDBA-86FF49534D4B}.Release|x86.ActiveCfg = Release|Any CPU
		{10E4A4A2-0274-4C67-BDBA-86FF49534D4B}.Release|x86.Build.0 = Release|Any CPU
		{7A1EEA76-4004-4805-AE60-A2355F289852}.Debug|Any CPU.ActiveCfg = Debug|Any CPU
		{7A1EEA76-4004-4805-AE60-A2355F289852}.Debug|Any CPU.Build.0 = Debug|Any CPU
		{7A1EEA76-4004-4805-AE60-A2355F289852}.Debug|x64.ActiveCfg = Debug|Any CPU
		{7A1EEA76-4004-4805-AE60-A2355F289852}.Debug|x64.Build.0 = Debug|Any CPU
		{7A1EEA76-4004-4805-AE60-A2355F289852}.Debug|x86.ActiveCfg = Debug|Any CPU
		{7A1EEA76-4004-4805-AE60-A2355F289852}.Debug|x86.Build.0 = Debug|Any CPU
		{7A1EEA76-4004-4805-AE60-A2355F289852}.Release|Any CPU.ActiveCfg = Release|Any CPU
		{7A1EEA76-4004-4805-AE60-A2355F289852}.Release|Any CPU.Build.0 = Release|Any CPU
		{7A1EEA76-4004-4805-AE60-A2355F289852}.Release|x64.ActiveCfg = Release|Any CPU
		{7A1EEA76-4004-4805-AE60-A2355F289852}.Release|x64.Build.0 = Release|Any CPU
		{7A1EEA76-4004-4805-AE60-A2355F289852}.Release|x86.ActiveCfg = Release|Any CPU
		{7A1EEA76-4004-4805-AE60-A2355F289852}.Release|x86.Build.0 = Release|Any CPU
		{7BB2BE1D-C404-47C6-BEC3-072EFED5DE97}.Debug|Any CPU.ActiveCfg = Debug|Any CPU
		{7BB2BE1D-C404-47C6-BEC3-072EFED5DE97}.Debug|Any CPU.Build.0 = Debug|Any CPU
		{7BB2BE1D-C404-47C6-BEC3-072EFED5DE97}.Debug|x64.ActiveCfg = Debug|Any CPU
		{7BB2BE1D-C404-47C6-BEC3-072EFED5DE97}.Debug|x64.Build.0 = Debug|Any CPU
		{7BB2BE1D-C404-47C6-BEC3-072EFED5DE97}.Debug|x86.ActiveCfg = Debug|Any CPU
		{7BB2BE1D-C404-47C6-BEC3-072EFED5DE97}.Debug|x86.Build.0 = Debug|Any CPU
		{7BB2BE1D-C404-47C6-BEC3-072EFED5DE97}.Release|Any CPU.ActiveCfg = Release|Any CPU
		{7BB2BE1D-C404-47C6-BEC3-072EFED5DE97}.Release|Any CPU.Build.0 = Release|Any CPU
		{7BB2BE1D-C404-47C6-BEC3-072EFED5DE97}.Release|x64.ActiveCfg = Release|Any CPU
		{7BB2BE1D-C404-47C6-BEC3-072EFED5DE97}.Release|x64.Build.0 = Release|Any CPU
		{7BB2BE1D-C404-47C6-BEC3-072EFED5DE97}.Release|x86.ActiveCfg = Release|Any CPU
		{7BB2BE1D-C404-47C6-BEC3-072EFED5DE97}.Release|x86.Build.0 = Release|Any CPU
		{E4CE6872-1B37-4C79-A41D-F8426712E87C}.Debug|Any CPU.ActiveCfg = Debug|Any CPU
		{E4CE6872-1B37-4C79-A41D-F8426712E87C}.Debug|Any CPU.Build.0 = Debug|Any CPU
		{E4CE6872-1B37-4C79-A41D-F8426712E87C}.Debug|x64.ActiveCfg = Debug|Any CPU
		{E4CE6872-1B37-4C79-A41D-F8426712E87C}.Debug|x64.Build.0 = Debug|Any CPU
		{E4CE6872-1B37-4C79-A41D-F8426712E87C}.Debug|x86.ActiveCfg = Debug|Any CPU
		{E4CE6872-1B37-4C79-A41D-F8426712E87C}.Debug|x86.Build.0 = Debug|Any CPU
		{E4CE6872-1B37-4C79-A41D-F8426712E87C}.Release|Any CPU.ActiveCfg = Release|Any CPU
		{E4CE6872-1B37-4C79-A41D-F8426712E87C}.Release|Any CPU.Build.0 = Release|Any CPU
		{E4CE6872-1B37-4C79-A41D-F8426712E87C}.Release|x64.ActiveCfg = Release|Any CPU
		{E4CE6872-1B37-4C79-A41D-F8426712E87C}.Release|x64.Build.0 = Release|Any CPU
		{E4CE6872-1B37-4C79-A41D-F8426712E87C}.Release|x86.ActiveCfg = Release|Any CPU
		{E4CE6872-1B37-4C79-A41D-F8426712E87C}.Release|x86.Build.0 = Release|Any CPU
		{F76E13A0-54F9-4B17-91C0-0F0B9F458C96}.Debug|Any CPU.ActiveCfg = Debug|Any CPU
		{F76E13A0-54F9-4B17-91C0-0F0B9F458C96}.Debug|Any CPU.Build.0 = Debug|Any CPU
		{F76E13A0-54F9-4B17-91C0-0F0B9F458C96}.Debug|x64.ActiveCfg = Debug|Any CPU
		{F76E13A0-54F9-4B17-91C0-0F0B9F458C96}.Debug|x64.Build.0 = Debug|Any CPU
		{F76E13A0-54F9-4B17-91C0-0F0B9F458C96}.Debug|x86.ActiveCfg = Debug|Any CPU
		{F76E13A0-54F9-4B17-91C0-0F0B9F458C96}.Debug|x86.Build.0 = Debug|Any CPU
		{F76E13A0-54F9-4B17-91C0-0F0B9F458C96}.Release|Any CPU.ActiveCfg = Release|Any CPU
		{F76E13A0-54F9-4B17-91C0-0F0B9F458C96}.Release|Any CPU.Build.0 = Release|Any CPU
		{F76E13A0-54F9-4B17-91C0-0F0B9F458C96}.Release|x64.ActiveCfg = Release|Any CPU
		{F76E13A0-54F9-4B17-91C0-0F0B9F458C96}.Release|x64.Build.0 = Release|Any CPU
		{F76E13A0-54F9-4B17-91C0-0F0B9F458C96}.Release|x86.ActiveCfg = Release|Any CPU
		{F76E13A0-54F9-4B17-91C0-0F0B9F458C96}.Release|x86.Build.0 = Release|Any CPU
	EndGlobalSection
	GlobalSection(SolutionProperties) = preSolution
		HideSolutionNode = FALSE
	EndGlobalSection
	GlobalSection(NestedProjects) = preSolution
		{20A6CD63-2393-490B-A996-B81F09664506} = {02EA681E-C7D8-13C7-8484-4AC65E1B71E8}
		{FDA0C3FC-B937-4C7C-817B-A66A7AE59EEC} = {02EA681E-C7D8-13C7-8484-4AC65E1B71E8}
		{61143514-3E5D-4817-B4DB-00E8FF76FF8B} = {20A6CD63-2393-490B-A996-B81F09664506}
		{0E7010DA-690B-4516-A93D-6E5AE4802A10} = {20A6CD63-2393-490B-A996-B81F09664506}
		{3A223F97-52BB-4D37-BE53-CB64E39C46FD} = {FDA0C3FC-B937-4C7C-817B-A66A7AE59EEC}
		{4DF3D6B4-5562-4EE0-B8A9-C4D63FD97868} = {FDA0C3FC-B937-4C7C-817B-A66A7AE59EEC}
		{06C00418-8043-49FD-914C-762115EC9215} = {FDA0C3FC-B937-4C7C-817B-A66A7AE59EEC}
		{E4CE6872-1B37-4C79-A41D-F8426712E87C} = {20A6CD63-2393-490B-A996-B81F09664506}
		{F76E13A0-54F9-4B17-91C0-0F0B9F458C96} = {20A6CD63-2393-490B-A996-B81F09664506}
	EndGlobalSection
	GlobalSection(ExtensibilityGlobals) = postSolution
		SolutionGuid = {1543CDE1-7478-4997-961D-6E951C78D252}
	EndGlobalSection
EndGlobal
