
Microsoft Visual Studio Solution File, Format Version 12.00
# Visual Studio Version 17
VisualStudioVersion = 17.14.36429.23 d17.14
MinimumVisualStudioVersion = 10.0.40219.1
Project("{FAE04EC0-301F-11D3-BF4B-00C04F79EFBC}") = "IV.DX.Domain", "IV.DX.Domain\IV.DX.Domain.csproj", "{BAF9586D-74E6-4841-96CD-13C9F81CF455}"
EndProject
Project("{FAE04EC0-301F-11D3-BF4B-00C04F79EFBC}") = "IV.DX.Contracts", "IV.DX.Contracts\IV.DX.Contracts.csproj", "{82671828-3B06-436E-9E81-CD0BE24433CA}"
EndProject
Project("{FAE04EC0-301F-11D3-BF4B-00C04F79EFBC}") = "IV.DX.Application", "IV.DX.Application\IV.DX.Application.csproj", "{805AA468-1E9E-4F68-9C51-7715D8A3025E}"
EndProject
Project("{FAE04EC0-301F-11D3-BF4B-00C04F79EFBC}") = "IV.DX.Persistence", "IV.DX.Persistence\IV.DX.Persistence.csproj", "{57EE2373-C063-4441-BA28-FBCD86E6D529}"
EndProject
Project("{FAE04EC0-301F-11D3-BF4B-00C04F79EFBC}") = "IV.DX.Hosting", "IV.DX.Hosting\IV.DX.Hosting.csproj", "{7F0BAD3B-42F0-48DD-A85C-5F721DB48BD7}"
EndProject
Project("{2150E333-8FDC-42A3-9474-1A3956D46DE8}") = "Tests", "Tests", "{02EA681E-C7D8-13C7-8484-4AC65E1B71E8}"
EndProject
Project("{2150E333-8FDC-42A3-9474-1A3956D46DE8}") = "UnitTests", "UnitTests", "{20A6CD63-2393-490B-A996-B81F09664506}"
EndProject
Project("{2150E333-8FDC-42A3-9474-1A3956D46DE8}") = "IntTests", "IntTests", "{FDA0C3FC-B937-4C7C-817B-A66A7AE59EEC}"
EndProject
Project("{FAE04EC0-301F-11D3-BF4B-00C04F79EFBC}") = "IV.DX.Shared.UnitTests", "Tests\UnitTests\IV.DX.Shared.UnitTests\IV.DX.Shared.UnitTests.csproj", "{61143514-3E5D-4817-B4DB-00E8FF76FF8B}"
EndProject
Project("{FAE04EC0-301F-11D3-BF4B-00C04F79EFBC}") = "IV.DX.Contracts.UnitTests", "Tests\UnitTests\IV.DX.Contracts.UnitTests\IV.DX.Contracts.UnitTests.csproj", "{0E7010DA-690B-4516-A93D-6E5AE4802A10}"
EndProject
Project("{FAE04EC0-301F-11D3-BF4B-00C04F79EFBC}") = "IV.DX.Shared.IntTests", "Tests\IntTests\IV.DX.Shared.IntTests\IV.DX.Shared.IntTests.csproj", "{3A223F97-52BB-4D37-BE53-CB64E39C46FD}"
EndProject
Project("{FAE04EC0-301F-11D3-BF4B-00C04F79EFBC}") = "IV.DX.Application.IntTests", "Tests\IntTests\IV.DX.Application.IntTests\IV.DX.Application.IntTests.csproj", "{4DF3D6B4-5562-4EE0-B8A9-C4D63FD97868}"
EndProject
Project("{FAE04EC0-301F-11D3-BF4B-00C04F79EFBC}") = "IV.DX.Persistence.IntTests", "Tests\IntTests\IV.DX.Persistence.IntTests\IV.DX.Persistence.IntTests.csproj", "{06C00418-8043-49FD-914C-762115EC9215}"
EndProject
Global
	GlobalSection(SolutionConfigurationPlatforms) = preSolution
		Debug|Any CPU = Debug|Any CPU
		Release|Any CPU = Release|Any CPU
	EndGlobalSection
	GlobalSection(ProjectConfigurationPlatforms) = postSolution
		{BAF9586D-74E6-4841-96CD-13C9F81CF455}.Debug|Any CPU.ActiveCfg = Debug|Any CPU
		{BAF9586D-74E6-4841-96CD-13C9F81CF455}.Debug|Any CPU.Build.0 = Debug|Any CPU
		{BAF9586D-74E6-4841-96CD-13C9F81CF455}.Release|Any CPU.ActiveCfg = Release|Any CPU
		{BAF9586D-74E6-4841-96CD-13C9F81CF455}.Release|Any CPU.Build.0 = Release|Any CPU
		{82671828-3B06-436E-9E81-CD0BE24433CA}.Debug|Any CPU.ActiveCfg = Debug|Any CPU
		{82671828-3B06-436E-9E81-CD0BE24433CA}.Debug|Any CPU.Build.0 = Debug|Any CPU
		{82671828-3B06-436E-9E81-CD0BE24433CA}.Release|Any CPU.ActiveCfg = Release|Any CPU
		{82671828-3B06-436E-9E81-CD0BE24433CA}.Release|Any CPU.Build.0 = Release|Any CPU
		{805AA468-1E9E-4F68-9C51-7715D8A3025E}.Debug|Any CPU.ActiveCfg = Debug|Any CPU
		{805AA468-1E9E-4F68-9C51-7715D8A3025E}.Debug|Any CPU.Build.0 = Debug|Any CPU
		{805AA468-1E9E-4F68-9C51-7715D8A3025E}.Release|Any CPU.ActiveCfg = Release|Any CPU
		{805AA468-1E9E-4F68-9C51-7715D8A3025E}.Release|Any CPU.Build.0 = Release|Any CPU
		{57EE2373-C063-4441-BA28-FBCD86E6D529}.Debug|Any CPU.ActiveCfg = Debug|Any CPU
		{57EE2373-C063-4441-BA28-FBCD86E6D529}.Debug|Any CPU.Build.0 = Debug|Any CPU
		{57EE2373-C063-4441-BA28-FBCD86E6D529}.Release|Any CPU.ActiveCfg = Release|Any CPU
		{57EE2373-C063-4441-BA28-FBCD86E6D529}.Release|Any CPU.Build.0 = Release|Any CPU
		{7F0BAD3B-42F0-48DD-A85C-5F721DB48BD7}.Debug|Any CPU.ActiveCfg = Debug|Any CPU
		{7F0BAD3B-42F0-48DD-A85C-5F721DB48BD7}.Debug|Any CPU.Build.0 = Debug|Any CPU
		{7F0BAD3B-42F0-48DD-A85C-5F721DB48BD7}.Release|Any CPU.ActiveCfg = Release|Any CPU
		{7F0BAD3B-42F0-48DD-A85C-5F721DB48BD7}.Release|Any CPU.Build.0 = Release|Any CPU
		{61143514-3E5D-4817-B4DB-00E8FF76FF8B}.Debug|Any CPU.ActiveCfg = Debug|Any CPU
		{61143514-3E5D-4817-B4DB-00E8FF76FF8B}.Debug|Any CPU.Build.0 = Debug|Any CPU
		{61143514-3E5D-4817-B4DB-00E8FF76FF8B}.Release|Any CPU.ActiveCfg = Release|Any CPU
		{61143514-3E5D-4817-B4DB-00E8FF76FF8B}.Release|Any CPU.Build.0 = Release|Any CPU
		{0E7010DA-690B-4516-A93D-6E5AE4802A10}.Debug|Any CPU.ActiveCfg = Debug|Any CPU
		{0E7010DA-690B-4516-A93D-6E5AE4802A10}.Debug|Any CPU.Build.0 = Debug|Any CPU
		{0E7010DA-690B-4516-A93D-6E5AE4802A10}.Release|Any CPU.ActiveCfg = Release|Any CPU
		{0E7010DA-690B-4516-A93D-6E5AE4802A10}.Release|Any CPU.Build.0 = Release|Any CPU
		{3A223F97-52BB-4D37-BE53-CB64E39C46FD}.Debug|Any CPU.ActiveCfg = Debug|Any CPU
		{3A223F97-52BB-4D37-BE53-CB64E39C46FD}.Debug|Any CPU.Build.0 = Debug|Any CPU
		{3A223F97-52BB-4D37-BE53-CB64E39C46FD}.Release|Any CPU.ActiveCfg = Release|Any CPU
		{3A223F97-52BB-4D37-BE53-CB64E39C46FD}.Release|Any CPU.Build.0 = Release|Any CPU
		{4DF3D6B4-5562-4EE0-B8A9-C4D63FD97868}.Debug|Any CPU.ActiveCfg = Debug|Any CPU
		{4DF3D6B4-5562-4EE0-B8A9-C4D63FD97868}.Debug|Any CPU.Build.0 = Debug|Any CPU
		{4DF3D6B4-5562-4EE0-B8A9-C4D63FD97868}.Release|Any CPU.ActiveCfg = Release|Any CPU
		{4DF3D6B4-5562-4EE0-B8A9-C4D63FD97868}.Release|Any CPU.Build.0 = Release|Any CPU
		{06C00418-8043-49FD-914C-762115EC9215}.Debug|Any CPU.ActiveCfg = Debug|Any CPU
		{06C00418-8043-49FD-914C-762115EC9215}.Debug|Any CPU.Build.0 = Debug|Any CPU
		{06C00418-8043-49FD-914C-762115EC9215}.Release|Any CPU.ActiveCfg = Release|Any CPU
		{06C00418-8043-49FD-914C-762115EC9215}.Release|Any CPU.Build.0 = Release|Any CPU
	EndGlobalSection
	GlobalSection(SolutionProperties) = preSolution
		HideSolutionNode = FALSE
	EndGlobalSection
	GlobalSection(NestedProjects) = preSolution
		{20A6CD63-2393-490B-A996-B81F09664506} = {02EA681E-C7D8-13C7-8484-4AC65E1B71E8}
		{FDA0C3FC-B937-4C7C-817B-A66A7AE59EEC} = {02EA681E-C7D8-13C7-8484-4AC65E1B71E8}
		{61143514-3E5D-4817-B4DB-00E8FF76FF8B} = {20A6CD63-2393-490B-A996-B81F09664506}
		{0E7010DA-690B-4516-A93D-6E5AE4802A10} = {20A6CD63-2393-490B-A996-B81F09664506}
		{3A223F97-52BB-4D37-BE53-CB64E39C46FD} = {FDA0C3FC-B937-4C7C-817B-A66A7AE59EEC}
		{4DF3D6B4-5562-4EE0-B8A9-C4D63FD97868} = {FDA0C3FC-B937-4C7C-817B-A66A7AE59EEC}
		{06C00418-8043-49FD-914C-762115EC9215} = {FDA0C3FC-B937-4C7C-817B-A66A7AE59EEC}
	EndGlobalSection
	GlobalSection(ExtensibilityGlobals) = postSolution
		SolutionGuid = {1543CDE1-7478-4997-961D-6E951C78D252}
	EndGlobalSection
EndGlobal
